// !$*UTF8*$!
{
	archiveVersion = 1;
	classes = {
	};
	objectVersion = 55;
	objects = {

/* Begin PBXBuildFile section */
		EC4E52C0273339B600A9EA76 /* AppDelegate.swift in Sources */ = {isa = PBXBuildFile; fileRef = EC4E52BF273339B600A9EA76 /* AppDelegate.swift */; };
		EC4E52C2273339B600A9EA76 /* SceneDelegate.swift in Sources */ = {isa = PBXBuildFile; fileRef = EC4E52C1273339B600A9EA76 /* SceneDelegate.swift */; };
		EC4E52C4273339B600A9EA76 /* ViewController.swift in Sources */ = {isa = PBXBuildFile; fileRef = EC4E52C3273339B600A9EA76 /* ViewController.swift */; };
		EC4E52C7273339B600A9EA76 /* Main.storyboard in Resources */ = {isa = PBXBuildFile; fileRef = EC4E52C5273339B600A9EA76 /* Main.storyboard */; };
		EC4E52C9273339B800A9EA76 /* Assets.xcassets in Resources */ = {isa = PBXBuildFile; fileRef = EC4E52C8273339B800A9EA76 /* Assets.xcassets */; };
		EC4E52CC273339B800A9EA76 /* LaunchScreen.storyboard in Resources */ = {isa = PBXBuildFile; fileRef = EC4E52CA273339B800A9EA76 /* LaunchScreen.storyboard */; };
		EC4E52D7273339B900A9EA76 /* NASAApodTests.swift in Sources */ = {isa = PBXBuildFile; fileRef = EC4E52D6273339B900A9EA76 /* NASAApodTests.swift */; };
		EC4E52E1273339B900A9EA76 /* NASAApodUITests.swift in Sources */ = {isa = PBXBuildFile; fileRef = EC4E52E0273339B900A9EA76 /* NASAApodUITests.swift */; };
		EC4E52E3273339B900A9EA76 /* NASAApodUITestsLaunchTests.swift in Sources */ = {isa = PBXBuildFile; fileRef = EC4E52E2273339B900A9EA76 /* NASAApodUITestsLaunchTests.swift */; };
/* End PBXBuildFile section */

/* Begin PBXContainerItemProxy section */
		EC4E52D3273339B900A9EA76 /* PBXContainerItemProxy */ = {
			isa = PBXContainerItemProxy;
			containerPortal = EC4E52B4273339B600A9EA76 /* Project object */;
			proxyType = 1;
			remoteGlobalIDString = EC4E52BB273339B600A9EA76;
			remoteInfo = NASAApod;
		};
		EC4E52DD273339B900A9EA76 /* PBXContainerItemProxy */ = {
			isa = PBXContainerItemProxy;
			containerPortal = EC4E52B4273339B600A9EA76 /* Project object */;
			proxyType = 1;
			remoteGlobalIDString = EC4E52BB273339B600A9EA76;
			remoteInfo = NASAApod;
		};
/* End PBXContainerItemProxy section */

/* Begin PBXFileReference section */
		EC4E52BC273339B600A9EA76 /* NASAApod.app */ = {isa = PBXFileReference; explicitFileType = wrapper.application; includeInIndex = 0; path = NASAApod.app; sourceTree = BUILT_PRODUCTS_DIR; };
		EC4E52BF273339B600A9EA76 /* AppDelegate.swift */ = {isa = PBXFileReference; lastKnownFileType = sourcecode.swift; path = AppDelegate.swift; sourceTree = "<group>"; };
		EC4E52C1273339B600A9EA76 /* SceneDelegate.swift */ = {isa = PBXFileReference; lastKnownFileType = sourcecode.swift; path = SceneDelegate.swift; sourceTree = "<group>"; };
		EC4E52C3273339B600A9EA76 /* ViewController.swift */ = {isa = PBXFileReference; lastKnownFileType = sourcecode.swift; path = ViewController.swift; sourceTree = "<group>"; };
		EC4E52C6273339B600A9EA76 /* Base */ = {isa = PBXFileReference; lastKnownFileType = file.storyboard; name = Base; path = Base.lproj/Main.storyboard; sourceTree = "<group>"; };
		EC4E52C8273339B800A9EA76 /* Assets.xcassets */ = {isa = PBXFileReference; lastKnownFileType = folder.assetcatalog; path = Assets.xcassets; sourceTree = "<group>"; };
		EC4E52CB273339B800A9EA76 /* Base */ = {isa = PBXFileReference; lastKnownFileType = file.storyboard; name = Base; path = Base.lproj/LaunchScreen.storyboard; sourceTree = "<group>"; };
		EC4E52CD273339B800A9EA76 /* Info.plist */ = {isa = PBXFileReference; lastKnownFileType = text.plist.xml; path = Info.plist; sourceTree = "<group>"; };
		EC4E52D2273339B900A9EA76 /* NASAApodTests.xctest */ = {isa = PBXFileReference; explicitFileType = wrapper.cfbundle; includeInIndex = 0; path = NASAApodTests.xctest; sourceTree = BUILT_PRODUCTS_DIR; };
		EC4E52D6273339B900A9EA76 /* NASAApodTests.swift */ = {isa = PBXFileReference; lastKnownFileType = sourcecode.swift; path = NASAApodTests.swift; sourceTree = "<group>"; };
		EC4E52DC273339B900A9EA76 /* NASAApodUITests.xctest */ = {isa = PBXFileReference; explicitFileType = wrapper.cfbundle; includeInIndex = 0; path = NASAApodUITests.xctest; sourceTree = BUILT_PRODUCTS_DIR; };
		EC4E52E0273339B900A9EA76 /* NASAApodUITests.swift */ = {isa = PBXFileReference; lastKnownFileType = sourcecode.swift; path = NASAApodUITests.swift; sourceTree = "<group>"; };
		EC4E52E2273339B900A9EA76 /* NASAApodUITestsLaunchTests.swift */ = {isa = PBXFileReference; lastKnownFileType = sourcecode.swift; path = NASAApodUITestsLaunchTests.swift; sourceTree = "<group>"; };
/* End PBXFileReference section */

/* Begin PBXFrameworksBuildPhase section */
		EC4E52B9273339B600A9EA76 /* Frameworks */ = {
			isa = PBXFrameworksBuildPhase;
			buildActionMask = 2147483647;
			files = (
			);
			runOnlyForDeploymentPostprocessing = 0;
		};
		EC4E52CF273339B900A9EA76 /* Frameworks */ = {
			isa = PBXFrameworksBuildPhase;
			buildActionMask = 2147483647;
			files = (
			);
			runOnlyForDeploymentPostprocessing = 0;
		};
		EC4E52D9273339B900A9EA76 /* Frameworks */ = {
			isa = PBXFrameworksBuildPhase;
			buildActionMask = 2147483647;
			files = (
			);
			runOnlyForDeploymentPostprocessing = 0;
		};
/* End PBXFrameworksBuildPhase section */

/* Begin PBXGroup section */
		EC4E52B3273339B600A9EA76 = {
			isa = PBXGroup;
			children = (
				EC4E52BE273339B600A9EA76 /* NASAApod */,
				EC4E52D5273339B900A9EA76 /* NASAApodTests */,
				EC4E52DF273339B900A9EA76 /* NASAApodUITests */,
				EC4E52BD273339B600A9EA76 /* Products */,
			);
			sourceTree = "<group>";
		};
		EC4E52BD273339B600A9EA76 /* Products */ = {
			isa = PBXGroup;
			children = (
				EC4E52BC273339B600A9EA76 /* NASAApod.app */,
				EC4E52D2273339B900A9EA76 /* NASAApodTests.xctest */,
				EC4E52DC273339B900A9EA76 /* NASAApodUITests.xctest */,
			);
			name = Products;
			sourceTree = "<group>";
		};
		EC4E52BE273339B600A9EA76 /* NASAApod */ = {
			isa = PBXGroup;
			children = (
				EC4E52BF273339B600A9EA76 /* AppDelegate.swift */,
				EC4E52C1273339B600A9EA76 /* SceneDelegate.swift */,
				EC4E52C3273339B600A9EA76 /* ViewController.swift */,
				EC4E52C5273339B600A9EA76 /* Main.storyboard */,
				EC4E52C8273339B800A9EA76 /* Assets.xcassets */,
				EC4E52CA273339B800A9EA76 /* LaunchScreen.storyboard */,
				EC4E52CD273339B800A9EA76 /* Info.plist */,
			);
			path = NASAApod;
			sourceTree = "<group>";
		};
		EC4E52D5273339B900A9EA76 /* NASAApodTests */ = {
			isa = PBXGroup;
			children = (
				EC4E52D6273339B900A9EA76 /* NASAApodTests.swift */,
			);
			path = NASAApodTests;
			sourceTree = "<group>";
		};
		EC4E52DF273339B900A9EA76 /* NASAApodUITests */ = {
			isa = PBXGroup;
			children = (
				EC4E52E0273339B900A9EA76 /* NASAApodUITests.swift */,
				EC4E52E2273339B900A9EA76 /* NASAApodUITestsLaunchTests.swift */,
			);
			path = NASAApodUITests;
			sourceTree = "<group>";
		};
/* End PBXGroup section */

/* Begin PBXNativeTarget section */
		EC4E52BB273339B600A9EA76 /* NASAApod */ = {
			isa = PBXNativeTarget;
			buildConfigurationList = EC4E52E6273339B900A9EA76 /* Build configuration list for PBXNativeTarget "NASAApod" */;
			buildPhases = (
				EC4E52B8273339B600A9EA76 /* Sources */,
				EC4E52B9273339B600A9EA76 /* Frameworks */,
				EC4E52BA273339B600A9EA76 /* Resources */,
			);
			buildRules = (
			);
			dependencies = (
			);
			name = NASAApod;
			productName = NASAApod;
			productReference = EC4E52BC273339B600A9EA76 /* NASAApod.app */;
			productType = "com.apple.product-type.application";
		};
		EC4E52D1273339B900A9EA76 /* NASAApodTests */ = {
			isa = PBXNativeTarget;
			buildConfigurationList = EC4E52E9273339B900A9EA76 /* Build configuration list for PBXNativeTarget "NASAApodTests" */;
			buildPhases = (
				EC4E52CE273339B900A9EA76 /* Sources */,
				EC4E52CF273339B900A9EA76 /* Frameworks */,
				EC4E52D0273339B900A9EA76 /* Resources */,
			);
			buildRules = (
			);
			dependencies = (
				EC4E52D4273339B900A9EA76 /* PBXTargetDependency */,
			);
			name = NASAApodTests;
			productName = NASAApodTests;
			productReference = EC4E52D2273339B900A9EA76 /* NASAApodTests.xctest */;
			productType = "com.apple.product-type.bundle.unit-test";
		};
		EC4E52DB273339B900A9EA76 /* NASAApodUITests */ = {
			isa = PBXNativeTarget;
			buildConfigurationList = EC4E52EC273339B900A9EA76 /* Build configuration list for PBXNativeTarget "NASAApodUITests" */;
			buildPhases = (
				EC4E52D8273339B900A9EA76 /* Sources */,
				EC4E52D9273339B900A9EA76 /* Frameworks */,
				EC4E52DA273339B900A9EA76 /* Resources */,
			);
			buildRules = (
			);
			dependencies = (
				EC4E52DE273339B900A9EA76 /* PBXTargetDependency */,
			);
			name = NASAApodUITests;
			productName = NASAApodUITests;
			productReference = EC4E52DC273339B900A9EA76 /* NASAApodUITests.xctest */;
			productType = "com.apple.product-type.bundle.ui-testing";
		};
/* End PBXNativeTarget section */

/* Begin PBXProject section */
		EC4E52B4273339B600A9EA76 /* Project object */ = {
			isa = PBXProject;
			attributes = {
				BuildIndependentTargetsInParallel = 1;
				LastSwiftUpdateCheck = 1310;
				LastUpgradeCheck = 1310;
				TargetAttributes = {
					EC4E52BB273339B600A9EA76 = {
						CreatedOnToolsVersion = 13.1;
					};
					EC4E52D1273339B900A9EA76 = {
						CreatedOnToolsVersion = 13.1;
						TestTargetID = EC4E52BB273339B600A9EA76;
					};
					EC4E52DB273339B900A9EA76 = {
						CreatedOnToolsVersion = 13.1;
						TestTargetID = EC4E52BB273339B600A9EA76;
					};
				};
			};
			buildConfigurationList = EC4E52B7273339B600A9EA76 /* Build configuration list for PBXProject "NASAApod" */;
			compatibilityVersion = "Xcode 13.0";
			developmentRegion = en;
			hasScannedForEncodings = 0;
			knownRegions = (
				en,
				Base,
			);
			mainGroup = EC4E52B3273339B600A9EA76;
			productRefGroup = EC4E52BD273339B600A9EA76 /* Products */;
			projectDirPath = "";
			projectRoot = "";
			targets = (
				EC4E52BB273339B600A9EA76 /* NASAApod */,
				EC4E52D1273339B900A9EA76 /* NASAApodTests */,
				EC4E52DB273339B900A9EA76 /* NASAApodUITests */,
			);
		};
/* End PBXProject section */

/* Begin PBXResourcesBuildPhase section */
		EC4E52BA273339B600A9EA76 /* Resources */ = {
			isa = PBXResourcesBuildPhase;
			buildActionMask = 2147483647;
			files = (
				EC4E52CC273339B800A9EA76 /* LaunchScreen.storyboard in Resources */,
				EC4E52C9273339B800A9EA76 /* Assets.xcassets in Resources */,
				EC4E52C7273339B600A9EA76 /* Main.storyboard in Resources */,
			);
			runOnlyForDeploymentPostprocessing = 0;
		};
		EC4E52D0273339B900A9EA76 /* Resources */ = {
			isa = PBXResourcesBuildPhase;
			buildActionMask = 2147483647;
			files = (
			);
			runOnlyForDeploymentPostprocessing = 0;
		};
		EC4E52DA273339B900A9EA76 /* Resources */ = {
			isa = PBXResourcesBuildPhase;
			buildActionMask = 2147483647;
			files = (
			);
			runOnlyForDeploymentPostprocessing = 0;
		};
/* End PBXResourcesBuildPhase section */

/* Begin PBXSourcesBuildPhase section */
		EC4E52B8273339B600A9EA76 /* Sources */ = {
			isa = PBXSourcesBuildPhase;
			buildActionMask = 2147483647;
			files = (
				EC4E52C4273339B600A9EA76 /* ViewController.swift in Sources */,
				EC4E52C0273339B600A9EA76 /* AppDelegate.swift in Sources */,
				EC4E52C2273339B600A9EA76 /* SceneDelegate.swift in Sources */,
			);
			runOnlyForDeploymentPostprocessing = 0;
		};
		EC4E52CE273339B900A9EA76 /* Sources */ = {
			isa = PBXSourcesBuildPhase;
			buildActionMask = 2147483647;
			files = (
				EC4E52D7273339B900A9EA76 /* NASAApodTests.swift in Sources */,
			);
			runOnlyForDeploymentPostprocessing = 0;
		};
		EC4E52D8273339B900A9EA76 /* Sources */ = {
			isa = PBXSourcesBuildPhase;
			buildActionMask = 2147483647;
			files = (
				EC4E52E3273339B900A9EA76 /* NASAApodUITestsLaunchTests.swift in Sources */,
				EC4E52E1273339B900A9EA76 /* NASAApodUITests.swift in Sources */,
			);
			runOnlyForDeploymentPostprocessing = 0;
		};
/* End PBXSourcesBuildPhase section */

/* Begin PBXTargetDependency section */
		EC4E52D4273339B900A9EA76 /* PBXTargetDependency */ = {
			isa = PBXTargetDependency;
			target = EC4E52BB273339B600A9EA76 /* NASAApod */;
			targetProxy = EC4E52D3273339B900A9EA76 /* PBXContainerItemProxy */;
		};
		EC4E52DE273339B900A9EA76 /* PBXTargetDependency */ = {
			isa = PBXTargetDependency;
			target = EC4E52BB273339B600A9EA76 /* NASAApod */;
			targetProxy = EC4E52DD273339B900A9EA76 /* PBXContainerItemProxy */;
		};
/* End PBXTargetDependency section */

/* Begin PBXVariantGroup section */
		EC4E52C5273339B600A9EA76 /* Main.storyboard */ = {
			isa = PBXVariantGroup;
			children = (
				EC4E52C6273339B600A9EA76 /* Base */,
			);
			name = Main.storyboard;
			sourceTree = "<group>";
		};
		EC4E52CA273339B800A9EA76 /* LaunchScreen.storyboard */ = {
			isa = PBXVariantGroup;
			children = (
				EC4E52CB273339B800A9EA76 /* Base */,
			);
			name = LaunchScreen.storyboard;
			sourceTree = "<group>";
		};
/* End PBXVariantGroup section */

/* Begin XCBuildConfiguration section */
		EC4E52E4273339B900A9EA76 /* Debug */ = {
			isa = XCBuildConfiguration;
			buildSettings = {
				ALWAYS_SEARCH_USER_PATHS = NO;
				CLANG_ANALYZER_NONNULL = YES;
				CLANG_ANALYZER_NUMBER_OBJECT_CONVERSION = YES_AGGRESSIVE;
				CLANG_CXX_LANGUAGE_STANDARD = "gnu++17";
				CLANG_CXX_LIBRARY = "libc++";
				CLANG_ENABLE_MODULES = YES;
				CLANG_ENABLE_OBJC_ARC = YES;
				CLANG_ENABLE_OBJC_WEAK = YES;
				CLANG_WARN_BLOCK_CAPTURE_AUTORELEASING = YES;
				CLANG_WARN_BOOL_CONVERSION = YES;
				CLANG_WARN_COMMA = YES;
				CLANG_WARN_CONSTANT_CONVERSION = YES;
				CLANG_WARN_DEPRECATED_OBJC_IMPLEMENTATIONS = YES;
				CLANG_WARN_DIRECT_OBJC_ISA_USAGE = YES_ERROR;
				CLANG_WARN_DOCUMENTATION_COMMENTS = YES;
				CLANG_WARN_EMPTY_BODY = YES;
				CLANG_WARN_ENUM_CONVERSION = YES;
				CLANG_WARN_INFINITE_RECURSION = YES;
				CLANG_WARN_INT_CONVERSION = YES;
				CLANG_WARN_NON_LITERAL_NULL_CONVERSION = YES;
				CLANG_WARN_OBJC_IMPLICIT_RETAIN_SELF = YES;
				CLANG_WARN_OBJC_LITERAL_CONVERSION = YES;
				CLANG_WARN_OBJC_ROOT_CLASS = YES_ERROR;
				CLANG_WARN_QUOTED_INCLUDE_IN_FRAMEWORK_HEADER = YES;
				CLANG_WARN_RANGE_LOOP_ANALYSIS = YES;
				CLANG_WARN_STRICT_PROTOTYPES = YES;
				CLANG_WARN_SUSPICIOUS_MOVE = YES;
				CLANG_WARN_UNGUARDED_AVAILABILITY = YES_AGGRESSIVE;
				CLANG_WARN_UNREACHABLE_CODE = YES;
				CLANG_WARN__DUPLICATE_METHOD_MATCH = YES;
				COPY_PHASE_STRIP = NO;
				DEBUG_INFORMATION_FORMAT = dwarf;
				ENABLE_STRICT_OBJC_MSGSEND = YES;
				ENABLE_TESTABILITY = YES;
				GCC_C_LANGUAGE_STANDARD = gnu11;
				GCC_DYNAMIC_NO_PIC = NO;
				GCC_NO_COMMON_BLOCKS = YES;
				GCC_OPTIMIZATION_LEVEL = 0;
				GCC_PREPROCESSOR_DEFINITIONS = (
					"DEBUG=1",
					"$(inherited)",
				);
				GCC_WARN_64_TO_32_BIT_CONVERSION = YES;
				GCC_WARN_ABOUT_RETURN_TYPE = YES_ERROR;
				GCC_WARN_UNDECLARED_SELECTOR = YES;
				GCC_WARN_UNINITIALIZED_AUTOS = YES_AGGRESSIVE;
				GCC_WARN_UNUSED_FUNCTION = YES;
				GCC_WARN_UNUSED_VARIABLE = YES;
				IPHONEOS_DEPLOYMENT_TARGET = 15.0;
				MTL_ENABLE_DEBUG_INFO = INCLUDE_SOURCE;
				MTL_FAST_MATH = YES;
				ONLY_ACTIVE_ARCH = YES;
				SDKROOT = iphoneos;
				SWIFT_ACTIVE_COMPILATION_CONDITIONS = DEBUG;
				SWIFT_OPTIMIZATION_LEVEL = "-Onone";
			};
			name = Debug;
		};
		EC4E52E5273339B900A9EA76 /* Release */ = {
			isa = XCBuildConfiguration;
			buildSettings = {
				ALWAYS_SEARCH_USER_PATHS = NO;
				CLANG_ANALYZER_NONNULL = YES;
				CLANG_ANALYZER_NUMBER_OBJECT_CONVERSION = YES_AGGRESSIVE;
				CLANG_CXX_LANGUAGE_STANDARD = "gnu++17";
				CLANG_CXX_LIBRARY = "libc++";
				CLANG_ENABLE_MODULES = YES;
				CLANG_ENABLE_OBJC_ARC = YES;
				CLANG_ENABLE_OBJC_WEAK = YES;
				CLANG_WARN_BLOCK_CAPTURE_AUTORELEASING = YES;
				CLANG_WARN_BOOL_CONVERSION = YES;
				CLANG_WARN_COMMA = YES;
				CLANG_WARN_CONSTANT_CONVERSION = YES;
				CLANG_WARN_DEPRECATED_OBJC_IMPLEMENTATIONS = YES;
				CLANG_WARN_DIRECT_OBJC_ISA_USAGE = YES_ERROR;
				CLANG_WARN_DOCUMENTATION_COMMENTS = YES;
				CLANG_WARN_EMPTY_BODY = YES;
				CLANG_WARN_ENUM_CONVERSION = YES;
				CLANG_WARN_INFINITE_RECURSION = YES;
				CLANG_WARN_INT_CONVERSION = YES;
				CLANG_WARN_NON_LITERAL_NULL_CONVERSION = YES;
				CLANG_WARN_OBJC_IMPLICIT_RETAIN_SELF = YES;
				CLANG_WARN_OBJC_LITERAL_CONVERSION = YES;
				CLANG_WARN_OBJC_ROOT_CLASS = YES_ERROR;
				CLANG_WARN_QUOTED_INCLUDE_IN_FRAMEWORK_HEADER = YES;
				CLANG_WARN_RANGE_LOOP_ANALYSIS = YES;
				CLANG_WARN_STRICT_PROTOTYPES = YES;
				CLANG_WARN_SUSPICIOUS_MOVE = YES;
				CLANG_WARN_UNGUARDED_AVAILABILITY = YES_AGGRESSIVE;
				CLANG_WARN_UNREACHABLE_CODE = YES;
				CLANG_WARN__DUPLICATE_METHOD_MATCH = YES;
				COPY_PHASE_STRIP = NO;
				DEBUG_INFORMATION_FORMAT = "dwarf-with-dsym";
				ENABLE_NS_ASSERTIONS = NO;
				ENABLE_STRICT_OBJC_MSGSEND = YES;
				GCC_C_LANGUAGE_STANDARD = gnu11;
				GCC_NO_COMMON_BLOCKS = YES;
				GCC_WARN_64_TO_32_BIT_CONVERSION = YES;
				GCC_WARN_ABOUT_RETURN_TYPE = YES_ERROR;
				GCC_WARN_UNDECLARED_SELECTOR = YES;
				GCC_WARN_UNINITIALIZED_AUTOS = YES_AGGRESSIVE;
				GCC_WARN_UNUSED_FUNCTION = YES;
				GCC_WARN_UNUSED_VARIABLE = YES;
				IPHONEOS_DEPLOYMENT_TARGET = 15.0;
				MTL_ENABLE_DEBUG_INFO = NO;
				MTL_FAST_MATH = YES;
				SDKROOT = iphoneos;
				SWIFT_COMPILATION_MODE = wholemodule;
				SWIFT_OPTIMIZATION_LEVEL = "-O";
				VALIDATE_PRODUCT = YES;
			};
			name = Release;
		};
		EC4E52E7273339B900A9EA76 /* Debug */ = {
			isa = XCBuildConfiguration;
			buildSettings = {
				ASSETCATALOG_COMPILER_APPICON_NAME = AppIcon;
				ASSETCATALOG_COMPILER_GLOBAL_ACCENT_COLOR_NAME = AccentColor;
				CODE_SIGN_STYLE = Automatic;
				CURRENT_PROJECT_VERSION = 1;
				GENERATE_INFOPLIST_FILE = YES;
				INFOPLIST_FILE = NASAApod/Info.plist;
				INFOPLIST_KEY_UIApplicationSupportsIndirectInputEvents = YES;
				INFOPLIST_KEY_UILaunchStoryboardName = LaunchScreen;
				INFOPLIST_KEY_UIMainStoryboardFile = Main;
				INFOPLIST_KEY_UISupportedInterfaceOrientations_iPad = "UIInterfaceOrientationPortrait UIInterfaceOrientationPortraitUpsideDown UIInterfaceOrientationLandscapeLeft UIInterfaceOrientationLandscapeRight";
				INFOPLIST_KEY_UISupportedInterfaceOrientations_iPhone = "UIInterfaceOrientationPortrait UIInterfaceOrientationLandscapeLeft UIInterfaceOrientationLandscapeRight";
				LD_RUNPATH_SEARCH_PATHS = (
					"$(inherited)",
					"@executable_path/Frameworks",
				);
				MARKETING_VERSION = 1.0;
				PRODUCT_BUNDLE_IDENTIFIER = edu.fullerton.ecs.NASAApod;
				PRODUCT_NAME = "$(TARGET_NAME)";
				SWIFT_EMIT_LOC_STRINGS = YES;
				SWIFT_VERSION = 5.0;
				TARGETED_DEVICE_FAMILY = "1,2";
			};
			name = Debug;
		};
		EC4E52E8273339B900A9EA76 /* Release */ = {
			isa = XCBuildConfiguration;
			buildSettings = {
				ASSETCATALOG_COMPILER_APPICON_NAME = AppIcon;
				ASSETCATALOG_COMPILER_GLOBAL_ACCENT_COLOR_NAME = AccentColor;
				CODE_SIGN_STYLE = Automatic;
				CURRENT_PROJECT_VERSION = 1;
				GENERATE_INFOPLIST_FILE = YES;
				INFOPLIST_FILE = NASAApod/Info.plist;
				INFOPLIST_KEY_UIApplicationSupportsIndirectInputEvents = YES;
				INFOPLIST_KEY_UILaunchStoryboardName = LaunchScreen;
				INFOPLIST_KEY_UIMainStoryboardFile = Main;
				INFOPLIST_KEY_UISupportedInterfaceOrientations_iPad = "UIInterfaceOrientationPortrait UIInterfaceOrientationPortraitUpsideDown UIInterfaceOrientationLandscapeLeft UIInterfaceOrientationLandscapeRight";
				INFOPLIST_KEY_UISupportedInterfaceOrientations_iPhone = "UIInterfaceOrientationPortrait UIInterfaceOrientationLandscapeLeft UIInterfaceOrientationLandscapeRight";
				LD_RUNPATH_SEARCH_PATHS = (
					"$(inherited)",
					"@executable_path/Frameworks",
				);
				MARKETING_VERSION = 1.0;
				PRODUCT_BUNDLE_IDENTIFIER = edu.fullerton.ecs.NASAApod;
				PRODUCT_NAME = "$(TARGET_NAME)";
				SWIFT_EMIT_LOC_STRINGS = YES;
				SWIFT_VERSION = 5.0;
				TARGETED_DEVICE_FAMILY = "1,2";
			};
			name = Release;
		};
		EC4E52EA273339B900A9EA76 /* Debug */ = {
			isa = XCBuildConfiguration;
			buildSettings = {
				ALWAYS_EMBED_SWIFT_STANDARD_LIBRARIES = YES;
				BUNDLE_LOADER = "$(TEST_HOST)";
				CODE_SIGN_STYLE = Automatic;
				CURRENT_PROJECT_VERSION = 1;
				GENERATE_INFOPLIST_FILE = YES;
				IPHONEOS_DEPLOYMENT_TARGET = 15.0;
				LD_RUNPATH_SEARCH_PATHS = (
					"$(inherited)",
					"@executable_path/Frameworks",
					"@loader_path/Frameworks",
				);
				MARKETING_VERSION = 1.0;
				PRODUCT_BUNDLE_IDENTIFIER = edu.fullerton.ecs.NASAApodTests;
				PRODUCT_NAME = "$(TARGET_NAME)";
				SWIFT_EMIT_LOC_STRINGS = NO;
				SWIFT_VERSION = 5.0;
				TARGETED_DEVICE_FAMILY = "1,2";
				TEST_HOST = "$(BUILT_PRODUCTS_DIR)/NASAApod.app/NASAApod";
			};
			name = Debug;
		};
		EC4E52EB273339B900A9EA76 /* Release */ = {
			isa = XCBuildConfiguration;
			buildSettings = {
				ALWAYS_EMBED_SWIFT_STANDARD_LIBRARIES = YES;
				BUNDLE_LOADER = "$(TEST_HOST)";
				CODE_SIGN_STYLE = Automatic;
				CURRENT_PROJECT_VERSION = 1;
				GENERATE_INFOPLIST_FILE = YES;
				IPHONEOS_DEPLOYMENT_TARGET = 15.0;
				LD_RUNPATH_SEARCH_PATHS = (
					"$(inherited)",
					"@executable_path/Frameworks",
					"@loader_path/Frameworks",
				);
				MARKETING_VERSION = 1.0;
				PRODUCT_BUNDLE_IDENTIFIER = edu.fullerton.ecs.NASAApodTests;
				PRODUCT_NAME = "$(TARGET_NAME)";
				SWIFT_EMIT_LOC_STRINGS = NO;
				SWIFT_VERSION = 5.0;
				TARGETED_DEVICE_FAMILY = "1,2";
				TEST_HOST = "$(BUILT_PRODUCTS_DIR)/NASAApod.app/NASAApod";
			};
			name = Release;
		};
		EC4E52ED273339B900A9EA76 /* Debug */ = {
			isa = XCBuildConfiguration;
			buildSettings = {
				ALWAYS_EMBED_SWIFT_STANDARD_LIBRARIES = YES;
				CODE_SIGN_STYLE = Automatic;
				CURRENT_PROJECT_VERSION = 1;
				GENERATE_INFOPLIST_FILE = YES;
				LD_RUNPATH_SEARCH_PATHS = (
					"$(inherited)",
					"@executable_path/Frameworks",
					"@loader_path/Frameworks",
				);
				MARKETING_VERSION = 1.0;
				PRODUCT_BUNDLE_IDENTIFIER = edu.fullerton.ecs.NASAApodUITests;
				PRODUCT_NAME = "$(TARGET_NAME)";
				SWIFT_EMIT_LOC_STRINGS = NO;
				SWIFT_VERSION = 5.0;
				TARGETED_DEVICE_FAMILY = "1,2";
				TEST_TARGET_NAME = NASAApod;
			};
			name = Debug;
		};
		EC4E52EE273339B900A9EA76 /* Release */ = {
			isa = XCBuildConfiguration;
			buildSettings = {
				ALWAYS_EMBED_SWIFT_STANDARD_LIBRARIES = YES;
				CODE_SIGN_STYLE = Automatic;
				CURRENT_PROJECT_VERSION = 1;
				GENERATE_INFOPLIST_FILE = YES;
				LD_RUNPATH_SEARCH_PATHS = (
					"$(inherited)",
					"@executable_path/Frameworks",
					"@loader_path/Frameworks",
				);
				MARKETING_VERSION = 1.0;
				PRODUCT_BUNDLE_IDENTIFIER = edu.fullerton.ecs.NASAApodUITests;
				PRODUCT_NAME = "$(TARGET_NAME)";
				SWIFT_EMIT_LOC_STRINGS = NO;
				SWIFT_VERSION = 5.0;
				TARGETED_DEVICE_FAMILY = "1,2";
				TEST_TARGET_NAME = NASAApod;
			};
			name = Release;
		};
/* End XCBuildConfiguration section */

/* Begin XCConfigurationList section */
		EC4E52B7273339B600A9EA76 /* Build configuration list for PBXProject "NASAApod" */ = {
			isa = XCConfigurationList;
			buildConfigurations = (
				EC4E52E4273339B900A9EA76 /* Debug */,
				EC4E52E5273339B900A9EA76 /* Release */,
			);
			defaultConfigurationIsVisible = 0;
			defaultConfigurationName = Release;
		};
		EC4E52E6273339B900A9EA76 /* Build configuration list for PBXNativeTarget "NASAApod" */ = {
			isa = XCConfigurationList;
			buildConfigurations = (
				EC4E52E7273339B900A9EA76 /* Debug */,
				EC4E52E8273339B900A9EA76 /* Release */,
			);
			defaultConfigurationIsVisible = 0;
			defaultConfigurationName = Release;
		};
		EC4E52E9273339B900A9EA76 /* Build configuration list for PBXNativeTarget "NASAApodTests" */ = {
			isa = XCConfigurationList;
			buildConfigurations = (
				EC4E52EA273339B900A9EA76 /* Debug */,
				EC4E52EB273339B900A9EA76 /* Release */,
			);
			defaultConfigurationIsVisible = 0;
			defaultConfigurationName = Release;
		};
		EC4E52EC273339B900A9EA76 /* Build configuration list for PBXNativeTarget "NASAApodUITests" */ = {
			isa = XCConfigurationList;
			buildConfigurations = (
				EC4E52ED273339B900A9EA76 /* Debug */,
				EC4E52EE273339B900A9EA76 /* Release */,
			);
			defaultConfigurationIsVisible = 0;
			defaultConfigurationName = Release;
		};
/* End XCConfigurationList section */
	};
	rootObject = EC4E52B4273339B600A9EA76 /* Project object */;
}
